
Microsoft Visual Studio Solution File, Format Version 12.00
# Visual Studio Version 17
VisualStudioVersion = 17.9.34407.89
MinimumVisualStudioVersion = 10.0.40219.1
Project("{FAE04EC0-301F-11D3-BF4B-00C04F79EFBC}") = "ConsoleApp1", "ConsoleApp1\ConsoleApp1.csproj", "{9F225FCA-75C3-47E9-B135-CB20A660003E}"
EndProject
Global
	GlobalSection(SolutionConfigurationPlatforms) = preSolution
		Debug|Any CPU = Debug|Any CPU
		Release|Any CPU = Release|Any CPU
	EndGlobalSection
	GlobalSection(ProjectConfigurationPlatforms) = postSolution
		{9F225FCA-75C3-47E9-B135-CB20A660003E}.Debug|Any CPU.ActiveCfg = Debug|Any CPU
		{9F225FCA-75C3-47E9-B135-CB20A660003E}.Debug|Any CPU.Build.0 = Debug|Any CPU
		{9F225FCA-75C3-47E9-B135-CB20A660003E}.Release|Any CPU.ActiveCfg = Release|Any CPU
		{9F225FCA-75C3-47E9-B135-CB20A660003E}.Release|Any CPU.Build.0 = Release|Any CPU
	EndGlobalSection
	GlobalSection(SolutionProperties) = preSolution
		HideSolutionNode = FALSE
	EndGlobalSection
	GlobalSection(ExtensibilityGlobals) = postSolution
		SolutionGuid = {A3DA1131-5047-4E22-86D4-47C4BBE4983B}
	EndGlobalSection
EndGlobal
